// !$*UTF8*$!
{
	archiveVersion = 1;
	classes = {
	};
	objectVersion = 50;
	objects = {

/* Begin PBXBuildFile section */
		188EB5E324852FD30021D01A /* UIViewExtension.swift in Sources */ = {isa = PBXBuildFile; fileRef = 188EB5E224852FD30021D01A /* UIViewExtension.swift */; };
		188EB5E5248530930021D01A /* PaddingView.swift in Sources */ = {isa = PBXBuildFile; fileRef = 188EB5E4248530930021D01A /* PaddingView.swift */; };
		188EB5E724853B9D0021D01A /* UIImageViewExtension.swift in Sources */ = {isa = PBXBuildFile; fileRef = 188EB5E624853B9D0021D01A /* UIImageViewExtension.swift */; };
		188EB5E924853E300021D01A /* StyledImageView.swift in Sources */ = {isa = PBXBuildFile; fileRef = 188EB5E824853E300021D01A /* StyledImageView.swift */; };
		188EB5EB2485407D0021D01A /* StyledLabel.swift in Sources */ = {isa = PBXBuildFile; fileRef = 188EB5EA2485407D0021D01A /* StyledLabel.swift */; };
		18A4826424847DE0002F6B25 /* AppDelegate.swift in Sources */ = {isa = PBXBuildFile; fileRef = 18A4826324847DE0002F6B25 /* AppDelegate.swift */; };
		18A4826624847DE0002F6B25 /* SceneDelegate.swift in Sources */ = {isa = PBXBuildFile; fileRef = 18A4826524847DE0002F6B25 /* SceneDelegate.swift */; };
		18A4826D24847DE2002F6B25 /* Assets.xcassets in Resources */ = {isa = PBXBuildFile; fileRef = 18A4826C24847DE2002F6B25 /* Assets.xcassets */; };
		18A4827024847DE2002F6B25 /* LaunchScreen.storyboard in Resources */ = {isa = PBXBuildFile; fileRef = 18A4826E24847DE2002F6B25 /* LaunchScreen.storyboard */; };
		18A4827824847E92002F6B25 /* LoginScreen.swift in Sources */ = {isa = PBXBuildFile; fileRef = 18A4827724847E92002F6B25 /* LoginScreen.swift */; };
		18A4827A24848458002F6B25 /* HomeScreen.swift in Sources */ = {isa = PBXBuildFile; fileRef = 18A4827924848458002F6B25 /* HomeScreen.swift */; };
		18A4828124851DD4002F6B25 /* StyledButton.swift in Sources */ = {isa = PBXBuildFile; fileRef = 18A4828024851DD4002F6B25 /* StyledButton.swift */; };
		18A4828324852043002F6B25 /* StyledTextField.swift in Sources */ = {isa = PBXBuildFile; fileRef = 18A4828224852043002F6B25 /* StyledTextField.swift */; };
/* End PBXBuildFile section */

/* Begin PBXFileReference section */
		188EB5E224852FD30021D01A /* UIViewExtension.swift */ = {isa = PBXFileReference; lastKnownFileType = sourcecode.swift; path = UIViewExtension.swift; sourceTree = "<group>"; };
		188EB5E4248530930021D01A /* PaddingView.swift */ = {isa = PBXFileReference; lastKnownFileType = sourcecode.swift; path = PaddingView.swift; sourceTree = "<group>"; };
		188EB5E624853B9D0021D01A /* UIImageViewExtension.swift */ = {isa = PBXFileReference; lastKnownFileType = sourcecode.swift; path = UIImageViewExtension.swift; sourceTree = "<group>"; };
		188EB5E824853E300021D01A /* StyledImageView.swift */ = {isa = PBXFileReference; lastKnownFileType = sourcecode.swift; path = StyledImageView.swift; sourceTree = "<group>"; };
		188EB5EA2485407D0021D01A /* StyledLabel.swift */ = {isa = PBXFileReference; lastKnownFileType = sourcecode.swift; path = StyledLabel.swift; sourceTree = "<group>"; };
		18A4826024847DE0002F6B25 /* ProgramaticUi-Swift.app */ = {isa = PBXFileReference; explicitFileType = wrapper.application; includeInIndex = 0; path = "ProgramaticUi-Swift.app"; sourceTree = BUILT_PRODUCTS_DIR; };
		18A4826324847DE0002F6B25 /* AppDelegate.swift */ = {isa = PBXFileReference; lastKnownFileType = sourcecode.swift; path = AppDelegate.swift; sourceTree = "<group>"; };
		18A4826524847DE0002F6B25 /* SceneDelegate.swift */ = {isa = PBXFileReference; lastKnownFileType = sourcecode.swift; path = SceneDelegate.swift; sourceTree = "<group>"; };
		18A4826C24847DE2002F6B25 /* Assets.xcassets */ = {isa = PBXFileReference; lastKnownFileType = folder.assetcatalog; path = Assets.xcassets; sourceTree = "<group>"; };
		18A4826F24847DE2002F6B25 /* Base */ = {isa = PBXFileReference; lastKnownFileType = file.storyboard; name = Base; path = Base.lproj/LaunchScreen.storyboard; sourceTree = "<group>"; };
		18A4827124847DE2002F6B25 /* Info.plist */ = {isa = PBXFileReference; lastKnownFileType = text.plist.xml; path = Info.plist; sourceTree = "<group>"; };
		18A4827724847E92002F6B25 /* LoginScreen.swift */ = {isa = PBXFileReference; lastKnownFileType = sourcecode.swift; path = LoginScreen.swift; sourceTree = "<group>"; };
		18A4827924848458002F6B25 /* HomeScreen.swift */ = {isa = PBXFileReference; lastKnownFileType = sourcecode.swift; path = HomeScreen.swift; sourceTree = "<group>"; };
		18A4828024851DD4002F6B25 /* StyledButton.swift */ = {isa = PBXFileReference; lastKnownFileType = sourcecode.swift; path = StyledButton.swift; sourceTree = "<group>"; };
		18A4828224852043002F6B25 /* StyledTextField.swift */ = {isa = PBXFileReference; lastKnownFileType = sourcecode.swift; path = StyledTextField.swift; sourceTree = "<group>"; };
/* End PBXFileReference section */

/* Begin PBXFrameworksBuildPhase section */
		18A4825D24847DE0002F6B25 /* Frameworks */ = {
			isa = PBXFrameworksBuildPhase;
			buildActionMask = 2147483647;
			files = (
			);
			runOnlyForDeploymentPostprocessing = 0;
		};
/* End PBXFrameworksBuildPhase section */

/* Begin PBXGroup section */
		188EB5E124852FBB0021D01A /* Extensions-Utilities */ = {
			isa = PBXGroup;
			children = (
				188EB5E224852FD30021D01A /* UIViewExtension.swift */,
				188EB5E624853B9D0021D01A /* UIImageViewExtension.swift */,
			);
			path = "Extensions-Utilities";
			sourceTree = "<group>";
		};
		18A4825724847DE0002F6B25 = {
			isa = PBXGroup;
			children = (
				18A4826224847DE0002F6B25 /* ProgramaticUi-Swift */,
				18A4826124847DE0002F6B25 /* Products */,
			);
			sourceTree = "<group>";
		};
		18A4826124847DE0002F6B25 /* Products */ = {
			isa = PBXGroup;
			children = (
				18A4826024847DE0002F6B25 /* ProgramaticUi-Swift.app */,
			);
			name = Products;
			sourceTree = "<group>";
		};
		18A4826224847DE0002F6B25 /* ProgramaticUi-Swift */ = {
			isa = PBXGroup;
			children = (
				188EB5E124852FBB0021D01A /* Extensions-Utilities */,
				18A4827F24851DBF002F6B25 /* Components */,
				18A4827E24851DA1002F6B25 /* Views */,
				18A4826324847DE0002F6B25 /* AppDelegate.swift */,
				18A4826524847DE0002F6B25 /* SceneDelegate.swift */,
				18A4826C24847DE2002F6B25 /* Assets.xcassets */,
				18A4826E24847DE2002F6B25 /* LaunchScreen.storyboard */,
				18A4827124847DE2002F6B25 /* Info.plist */,
			);
			path = "ProgramaticUi-Swift";
			sourceTree = "<group>";
		};
		18A4827E24851DA1002F6B25 /* Views */ = {
			isa = PBXGroup;
			children = (
				18A4827724847E92002F6B25 /* LoginScreen.swift */,
				18A4827924848458002F6B25 /* HomeScreen.swift */,
			);
			path = Views;
			sourceTree = "<group>";
		};
		18A4827F24851DBF002F6B25 /* Components */ = {
			isa = PBXGroup;
			children = (
				18A4828024851DD4002F6B25 /* StyledButton.swift */,
				18A4828224852043002F6B25 /* StyledTextField.swift */,
				188EB5E4248530930021D01A /* PaddingView.swift */,
				188EB5E824853E300021D01A /* StyledImageView.swift */,
				188EB5EA2485407D0021D01A /* StyledLabel.swift */,
			);
			path = Components;
			sourceTree = "<group>";
		};
/* End PBXGroup section */

/* Begin PBXNativeTarget section */
		18A4825F24847DE0002F6B25 /* ProgramaticUi-Swift */ = {
			isa = PBXNativeTarget;
			buildConfigurationList = 18A4827424847DE2002F6B25 /* Build configuration list for PBXNativeTarget "ProgramaticUi-Swift" */;
			buildPhases = (
				18A4825C24847DE0002F6B25 /* Sources */,
				18A4825D24847DE0002F6B25 /* Frameworks */,
				18A4825E24847DE0002F6B25 /* Resources */,
			);
			buildRules = (
			);
			dependencies = (
			);
			name = "ProgramaticUi-Swift";
			productName = "ProgramaticUi-Swift";
			productReference = 18A4826024847DE0002F6B25 /* ProgramaticUi-Swift.app */;
			productType = "com.apple.product-type.application";
		};
/* End PBXNativeTarget section */

/* Begin PBXProject section */
		18A4825824847DE0002F6B25 /* Project object */ = {
			isa = PBXProject;
			attributes = {
				LastSwiftUpdateCheck = 1150;
				LastUpgradeCheck = 1150;
				ORGANIZATIONNAME = "Tássio Marcos Rocha";
				TargetAttributes = {
					18A4825F24847DE0002F6B25 = {
						CreatedOnToolsVersion = 11.5;
					};
				};
			};
			buildConfigurationList = 18A4825B24847DE0002F6B25 /* Build configuration list for PBXProject "ProgramaticUi-Swift" */;
			compatibilityVersion = "Xcode 9.3";
			developmentRegion = en;
			hasScannedForEncodings = 0;
			knownRegions = (
				en,
				Base,
			);
			mainGroup = 18A4825724847DE0002F6B25;
			productRefGroup = 18A4826124847DE0002F6B25 /* Products */;
			projectDirPath = "";
			projectRoot = "";
			targets = (
				18A4825F24847DE0002F6B25 /* ProgramaticUi-Swift */,
			);
		};
/* End PBXProject section */

/* Begin PBXResourcesBuildPhase section */
		18A4825E24847DE0002F6B25 /* Resources */ = {
			isa = PBXResourcesBuildPhase;
			buildActionMask = 2147483647;
			files = (
				18A4827024847DE2002F6B25 /* LaunchScreen.storyboard in Resources */,
				18A4826D24847DE2002F6B25 /* Assets.xcassets in Resources */,
			);
			runOnlyForDeploymentPostprocessing = 0;
		};
/* End PBXResourcesBuildPhase section */

/* Begin PBXSourcesBuildPhase section */
		18A4825C24847DE0002F6B25 /* Sources */ = {
			isa = PBXSourcesBuildPhase;
			buildActionMask = 2147483647;
			files = (
				18A4826424847DE0002F6B25 /* AppDelegate.swift in Sources */,
				18A4827A24848458002F6B25 /* HomeScreen.swift in Sources */,
				18A4826624847DE0002F6B25 /* SceneDelegate.swift in Sources */,
				188EB5E924853E300021D01A /* StyledImageView.swift in Sources */,
				188EB5EB2485407D0021D01A /* StyledLabel.swift in Sources */,
				18A4827824847E92002F6B25 /* LoginScreen.swift in Sources */,
				188EB5E324852FD30021D01A /* UIViewExtension.swift in Sources */,
				188EB5E724853B9D0021D01A /* UIImageViewExtension.swift in Sources */,
				18A4828124851DD4002F6B25 /* StyledButton.swift in Sources */,
				188EB5E5248530930021D01A /* PaddingView.swift in Sources */,
				18A4828324852043002F6B25 /* StyledTextField.swift in Sources */,
			);
			runOnlyForDeploymentPostprocessing = 0;
		};
/* End PBXSourcesBuildPhase section */

/* Begin PBXVariantGroup section */
		18A4826E24847DE2002F6B25 /* LaunchScreen.storyboard */ = {
			isa = PBXVariantGroup;
			children = (
				18A4826F24847DE2002F6B25 /* Base */,
			);
			name = LaunchScreen.storyboard;
			sourceTree = "<group>";
		};
/* End PBXVariantGroup section */

/* Begin XCBuildConfiguration section */
		18A4827224847DE2002F6B25 /* Debug */ = {
			isa = XCBuildConfiguration;
			buildSettings = {
				ALWAYS_SEARCH_USER_PATHS = NO;
				CLANG_ANALYZER_NONNULL = YES;
				CLANG_ANALYZER_NUMBER_OBJECT_CONVERSION = YES_AGGRESSIVE;
				CLANG_CXX_LANGUAGE_STANDARD = "gnu++14";
				CLANG_CXX_LIBRARY = "libc++";
				CLANG_ENABLE_MODULES = YES;
				CLANG_ENABLE_OBJC_ARC = YES;
				CLANG_ENABLE_OBJC_WEAK = YES;
				CLANG_WARN_BLOCK_CAPTURE_AUTORELEASING = YES;
				CLANG_WARN_BOOL_CONVERSION = YES;
				CLANG_WARN_COMMA = YES;
				CLANG_WARN_CONSTANT_CONVERSION = YES;
				CLANG_WARN_DEPRECATED_OBJC_IMPLEMENTATIONS = YES;
				CLANG_WARN_DIRECT_OBJC_ISA_USAGE = YES_ERROR;
				CLANG_WARN_DOCUMENTATION_COMMENTS = YES;
				CLANG_WARN_EMPTY_BODY = YES;
				CLANG_WARN_ENUM_CONVERSION = YES;
				CLANG_WARN_INFINITE_RECURSION = YES;
				CLANG_WARN_INT_CONVERSION = YES;
				CLANG_WARN_NON_LITERAL_NULL_CONVERSION = YES;
				CLANG_WARN_OBJC_IMPLICIT_RETAIN_SELF = YES;
				CLANG_WARN_OBJC_LITERAL_CONVERSION = YES;
				CLANG_WARN_OBJC_ROOT_CLASS = YES_ERROR;
				CLANG_WARN_RANGE_LOOP_ANALYSIS = YES;
				CLANG_WARN_STRICT_PROTOTYPES = YES;
				CLANG_WARN_SUSPICIOUS_MOVE = YES;
				CLANG_WARN_UNGUARDED_AVAILABILITY = YES_AGGRESSIVE;
				CLANG_WARN_UNREACHABLE_CODE = YES;
				CLANG_WARN__DUPLICATE_METHOD_MATCH = YES;
				COPY_PHASE_STRIP = NO;
				DEBUG_INFORMATION_FORMAT = dwarf;
				ENABLE_STRICT_OBJC_MSGSEND = YES;
				ENABLE_TESTABILITY = YES;
				GCC_C_LANGUAGE_STANDARD = gnu11;
				GCC_DYNAMIC_NO_PIC = NO;
				GCC_NO_COMMON_BLOCKS = YES;
				GCC_OPTIMIZATION_LEVEL = 0;
				GCC_PREPROCESSOR_DEFINITIONS = (
					"DEBUG=1",
					"$(inherited)",
				);
				GCC_WARN_64_TO_32_BIT_CONVERSION = YES;
				GCC_WARN_ABOUT_RETURN_TYPE = YES_ERROR;
				GCC_WARN_UNDECLARED_SELECTOR = YES;
				GCC_WARN_UNINITIALIZED_AUTOS = YES_AGGRESSIVE;
				GCC_WARN_UNUSED_FUNCTION = YES;
				GCC_WARN_UNUSED_VARIABLE = YES;
				IPHONEOS_DEPLOYMENT_TARGET = 13.5;
				MTL_ENABLE_DEBUG_INFO = INCLUDE_SOURCE;
				MTL_FAST_MATH = YES;
				ONLY_ACTIVE_ARCH = YES;
				SDKROOT = iphoneos;
				SWIFT_ACTIVE_COMPILATION_CONDITIONS = DEBUG;
				SWIFT_OPTIMIZATION_LEVEL = "-Onone";
			};
			name = Debug;
		};
		18A4827324847DE2002F6B25 /* Release */ = {
			isa = XCBuildConfiguration;
			buildSettings = {
				ALWAYS_SEARCH_USER_PATHS = NO;
				CLANG_ANALYZER_NONNULL = YES;
				CLANG_ANALYZER_NUMBER_OBJECT_CONVERSION = YES_AGGRESSIVE;
				CLANG_CXX_LANGUAGE_STANDARD = "gnu++14";
				CLANG_CXX_LIBRARY = "libc++";
				CLANG_ENABLE_MODULES = YES;
				CLANG_ENABLE_OBJC_ARC = YES;
				CLANG_ENABLE_OBJC_WEAK = YES;
				CLANG_WARN_BLOCK_CAPTURE_AUTORELEASING = YES;
				CLANG_WARN_BOOL_CONVERSION = YES;
				CLANG_WARN_COMMA = YES;
				CLANG_WARN_CONSTANT_CONVERSION = YES;
				CLANG_WARN_DEPRECATED_OBJC_IMPLEMENTATIONS = YES;
				CLANG_WARN_DIRECT_OBJC_ISA_USAGE = YES_ERROR;
				CLANG_WARN_DOCUMENTATION_COMMENTS = YES;
				CLANG_WARN_EMPTY_BODY = YES;
				CLANG_WARN_ENUM_CONVERSION = YES;
				CLANG_WARN_INFINITE_RECURSION = YES;
				CLANG_WARN_INT_CONVERSION = YES;
				CLANG_WARN_NON_LITERAL_NULL_CONVERSION = YES;
				CLANG_WARN_OBJC_IMPLICIT_RETAIN_SELF = YES;
				CLANG_WARN_OBJC_LITERAL_CONVERSION = YES;
				CLANG_WARN_OBJC_ROOT_CLASS = YES_ERROR;
				CLANG_WARN_RANGE_LOOP_ANALYSIS = YES;
				CLANG_WARN_STRICT_PROTOTYPES = YES;
				CLANG_WARN_SUSPICIOUS_MOVE = YES;
				CLANG_WARN_UNGUARDED_AVAILABILITY = YES_AGGRESSIVE;
				CLANG_WARN_UNREACHABLE_CODE = YES;
				CLANG_WARN__DUPLICATE_METHOD_MATCH = YES;
				COPY_PHASE_STRIP = NO;
				DEBUG_INFORMATION_FORMAT = "dwarf-with-dsym";
				ENABLE_NS_ASSERTIONS = NO;
				ENABLE_STRICT_OBJC_MSGSEND = YES;
				GCC_C_LANGUAGE_STANDARD = gnu11;
				GCC_NO_COMMON_BLOCKS = YES;
				GCC_WARN_64_TO_32_BIT_CONVERSION = YES;
				GCC_WARN_ABOUT_RETURN_TYPE = YES_ERROR;
				GCC_WARN_UNDECLARED_SELECTOR = YES;
				GCC_WARN_UNINITIALIZED_AUTOS = YES_AGGRESSIVE;
				GCC_WARN_UNUSED_FUNCTION = YES;
				GCC_WARN_UNUSED_VARIABLE = YES;
				IPHONEOS_DEPLOYMENT_TARGET = 13.5;
				MTL_ENABLE_DEBUG_INFO = NO;
				MTL_FAST_MATH = YES;
				SDKROOT = iphoneos;
				SWIFT_COMPILATION_MODE = wholemodule;
				SWIFT_OPTIMIZATION_LEVEL = "-O";
				VALIDATE_PRODUCT = YES;
			};
			name = Release;
		};
		18A4827524847DE2002F6B25 /* Debug */ = {
			isa = XCBuildConfiguration;
			buildSettings = {
				ASSETCATALOG_COMPILER_APPICON_NAME = AppIcon;
				CODE_SIGN_STYLE = Automatic;
				INFOPLIST_FILE = "ProgramaticUi-Swift/Info.plist";
				LD_RUNPATH_SEARCH_PATHS = (
					"$(inherited)",
					"@executable_path/Frameworks",
				);
				PRODUCT_BUNDLE_IDENTIFIER = "br.com.tassio.ProgramaticUi-Swift";
				PRODUCT_NAME = "$(TARGET_NAME)";
				SWIFT_VERSION = 5.0;
				TARGETED_DEVICE_FAMILY = "1,2";
			};
			name = Debug;
		};
		18A4827624847DE2002F6B25 /* Release */ = {
			isa = XCBuildConfiguration;
			buildSettings = {
				ASSETCATALOG_COMPILER_APPICON_NAME = AppIcon;
				CODE_SIGN_STYLE = Automatic;
				INFOPLIST_FILE = "ProgramaticUi-Swift/Info.plist";
				LD_RUNPATH_SEARCH_PATHS = (
					"$(inherited)",
					"@executable_path/Frameworks",
				);
				PRODUCT_BUNDLE_IDENTIFIER = "br.com.tassio.ProgramaticUi-Swift";
				PRODUCT_NAME = "$(TARGET_NAME)";
				SWIFT_VERSION = 5.0;
				TARGETED_DEVICE_FAMILY = "1,2";
			};
			name = Release;
		};
/* End XCBuildConfiguration section */

/* Begin XCConfigurationList section */
		18A4825B24847DE0002F6B25 /* Build configuration list for PBXProject "ProgramaticUi-Swift" */ = {
			isa = XCConfigurationList;
			buildConfigurations = (
				18A4827224847DE2002F6B25 /* Debug */,
				18A4827324847DE2002F6B25 /* Release */,
			);
			defaultConfigurationIsVisible = 0;
			defaultConfigurationName = Release;
		};
		18A4827424847DE2002F6B25 /* Build configuration list for PBXNativeTarget "ProgramaticUi-Swift" */ = {
			isa = XCConfigurationList;
			buildConfigurations = (
				18A4827524847DE2002F6B25 /* Debug */,
				18A4827624847DE2002F6B25 /* Release */,
			);
			defaultConfigurationIsVisible = 0;
			defaultConfigurationName = Release;
		};
/* End XCConfigurationList section */
	};
	rootObject = 18A4825824847DE0002F6B25 /* Project object */;
}
